
Microsoft Visual Studio Solution File, Format Version 12.00
# Visual Studio Version 16
VisualStudioVersion = 16.0.30114.105
MinimumVisualStudioVersion = 10.0.40219.1
Project("{FAE04EC0-301F-11D3-BF4B-00C04F79EFBC}") = "FirstRequirement", "FirstRequirement\FirstRequirement.csproj", "{20A94376-5D6B-40B4-8F45-C76E1FF35A64}"
EndProject
Project("{FAE04EC0-301F-11D3-BF4B-00C04F79EFBC}") = "TestProject1", "TestProject1\TestProject1.csproj", "{36F64625-C915-4958-B917-95343E6FF391}"
EndProject
Global
	GlobalSection(SolutionConfigurationPlatforms) = preSolution
		Debug|Any CPU = Debug|Any CPU
		Release|Any CPU = Release|Any CPU
	EndGlobalSection
	GlobalSection(ProjectConfigurationPlatforms) = postSolution
		{20A94376-5D6B-40B4-8F45-C76E1FF35A64}.Debug|Any CPU.ActiveCfg = Debug|Any CPU
		{20A94376-5D6B-40B4-8F45-C76E1FF35A64}.Debug|Any CPU.Build.0 = Debug|Any CPU
		{20A94376-5D6B-40B4-8F45-C76E1FF35A64}.Release|Any CPU.ActiveCfg = Release|Any CPU
		{20A94376-5D6B-40B4-8F45-C76E1FF35A64}.Release|Any CPU.Build.0 = Release|Any CPU
		{36F64625-C915-4958-B917-95343E6FF391}.Debug|Any CPU.ActiveCfg = Debug|Any CPU
		{36F64625-C915-4958-B917-95343E6FF391}.Debug|Any CPU.Build.0 = Debug|Any CPU
		{36F64625-C915-4958-B917-95343E6FF391}.Release|Any CPU.ActiveCfg = Release|Any CPU
		{36F64625-C915-4958-B917-95343E6FF391}.Release|Any CPU.Build.0 = Release|Any CPU
	EndGlobalSection
	GlobalSection(SolutionProperties) = preSolution
		HideSolutionNode = FALSE
	EndGlobalSection
	GlobalSection(ExtensibilityGlobals) = postSolution
		SolutionGuid = {EC66FB78-F0C8-4E75-97B4-214B65F037F5}
	EndGlobalSection
EndGlobal
